<Solution>
  <Folder Name="/src/">
    <Project Path="src/SolarMonitor.Api/SolarMonitor.Api.csproj" />
    <Project Path="src/SolarMonitor.Core/SolarMonitor.Core.csproj" />
    <Project Path="src/SolarMonitor.Poller/SolarMonitor.Poller.csproj" />
    <Project Path="src/SolarMonitor.Probe/SolarMonitor.Probe.csproj" />
  </Folder>
</Solution>
